
Microsoft Visual Studio Solution File, Format Version 12.00
# Visual Studio 14
VisualStudioVersion = 14.0.25420.1
MinimumVisualStudioVersion = 10.0.40219.1
Project("{FAE04EC0-301F-11D3-BF4B-00C04F79EFBC}") = "UDPfinishing", "UDPfinishing\UDPfinishing.csproj", "{8681AF80-A0EE-4814-8BB3-22394D411518}"
EndProject
Project("{FAE04EC0-301F-11D3-BF4B-00C04F79EFBC}") = "WindowsFormsApplication1", "WindowsFormsApplication1\WindowsFormsApplication1.csproj", "{D5C38645-3BD1-407B-BF22-930B56723F05}"
EndProject
Global
	GlobalSection(SolutionConfigurationPlatforms) = preSolution
		Debug|Any CPU = Debug|Any CPU
		Release|Any CPU = Release|Any CPU
	EndGlobalSection
	GlobalSection(ProjectConfigurationPlatforms) = postSolution
		{8681AF80-A0EE-4814-8BB3-22394D411518}.Debug|Any CPU.ActiveCfg = Debug|Any CPU
		{8681AF80-A0EE-4814-8BB3-22394D411518}.Debug|Any CPU.Build.0 = Debug|Any CPU
		{8681AF80-A0EE-4814-8BB3-22394D411518}.Release|Any CPU.ActiveCfg = Release|Any CPU
		{8681AF80-A0EE-4814-8BB3-22394D411518}.Release|Any CPU.Build.0 = Release|Any CPU
		{D5C38645-3BD1-407B-BF22-930B56723F05}.Debug|Any CPU.ActiveCfg = Debug|Any CPU
		{D5C38645-3BD1-407B-BF22-930B56723F05}.Debug|Any CPU.Build.0 = Debug|Any CPU
		{D5C38645-3BD1-407B-BF22-930B56723F05}.Release|Any CPU.ActiveCfg = Release|Any CPU
		{D5C38645-3BD1-407B-BF22-930B56723F05}.Release|Any CPU.Build.0 = Release|Any CPU
	EndGlobalSection
	GlobalSection(SolutionProperties) = preSolution
		HideSolutionNode = FALSE
	EndGlobalSection
EndGlobal
